// !$*UTF8*$!
{
	archiveVersion = 1;
	classes = {
	};
	objectVersion = 46;
	objects = {

/* Begin PBXBuildFile section */
		FF1780DF1B804CBE0096D32A /* Category.h in Headers */ = {isa = PBXBuildFile; fileRef = FF1780DE1B804CBE0096D32A /* Category.h */; settings = {ATTRIBUTES = (Public, ); }; };
		FF1780E51B804CBE0096D32A /* Category.framework in Frameworks */ = {isa = PBXBuildFile; fileRef = FF1780D91B804CBE0096D32A /* Category.framework */; };
		FF1780EC1B804CBE0096D32A /* CategoryTests.m in Sources */ = {isa = PBXBuildFile; fileRef = FF1780EB1B804CBE0096D32A /* CategoryTests.m */; };
		FF1783061B80787A0096D32A /* AppMacro.h in Headers */ = {isa = PBXBuildFile; fileRef = FF1782C01B80787A0096D32A /* AppMacro.h */; };
		FF17830D1B80787A0096D32A /* NSArray+HSCNetworkingMethods.h in Headers */ = {isa = PBXBuildFile; fileRef = FF1782CB1B80787A0096D32A /* NSArray+HSCNetworkingMethods.h */; };
		FF17830E1B80787A0096D32A /* NSArray+HSCNetworkingMethods.m in Sources */ = {isa = PBXBuildFile; fileRef = FF1782CC1B80787A0096D32A /* NSArray+HSCNetworkingMethods.m */; };
		FF17830F1B80787A0096D32A /* NSArrayProcess.h in Headers */ = {isa = PBXBuildFile; fileRef = FF1782CD1B80787A0096D32A /* NSArrayProcess.h */; };
		FF1783101B80787A0096D32A /* NSBundle+HSCConvinientBundle.h in Headers */ = {isa = PBXBuildFile; fileRef = FF1782D01B80787A0096D32A /* NSBundle+HSCConvinientBundle.h */; };
		FF1783111B80787A0096D32A /* NSBundle+HSCConvinientBundle.m in Sources */ = {isa = PBXBuildFile; fileRef = FF1782D11B80787A0096D32A /* NSBundle+HSCConvinientBundle.m */; };
		FF1783121B80787A0096D32A /* NSBundle+HSCConvinientBundle.h in Headers */ = {isa = PBXBuildFile; fileRef = FF1782D21B80787A0096D32A /* NSBundle+HSCConvinientBundle.h */; };
		FF1783131B80787A0096D32A /* NSBundle+HSCConvinientBundle.m in Sources */ = {isa = PBXBuildFile; fileRef = FF1782D31B80787A0096D32A /* NSBundle+HSCConvinientBundle.m */; };
		FF1783141B80787A0096D32A /* NSBundleProcess.h in Headers */ = {isa = PBXBuildFile; fileRef = FF1782D41B80787A0096D32A /* NSBundleProcess.h */; };
		FF1783151B80787A0096D32A /* NSDictionary+HSCNetworkingMethods.h in Headers */ = {isa = PBXBuildFile; fileRef = FF1782D71B80787A0096D32A /* NSDictionary+HSCNetworkingMethods.h */; };
		FF1783161B80787A0096D32A /* NSDictionary+HSCNetworkingMethods.m in Sources */ = {isa = PBXBuildFile; fileRef = FF1782D81B80787A0096D32A /* NSDictionary+HSCNetworkingMethods.m */; };
		FF1783171B80787A0096D32A /* NSDictionaryProcess.h in Headers */ = {isa = PBXBuildFile; fileRef = FF1782D91B80787A0096D32A /* NSDictionaryProcess.h */; };
		FF1783181B80787A0096D32A /* NSObject+HSCCommonMethods.h in Headers */ = {isa = PBXBuildFile; fileRef = FF1782DC1B80787A0096D32A /* NSObject+HSCCommonMethods.h */; };
		FF1783191B80787A0096D32A /* NSObject+HSCCommonMethods.m in Sources */ = {isa = PBXBuildFile; fileRef = FF1782DD1B80787A0096D32A /* NSObject+HSCCommonMethods.m */; };
		FF17831A1B80787A0096D32A /* NSObjectProcess.h in Headers */ = {isa = PBXBuildFile; fileRef = FF1782DE1B80787A0096D32A /* NSObjectProcess.h */; };
		FF17831B1B80787A0096D32A /* NSString+HSCCalculateStringLength.h in Headers */ = {isa = PBXBuildFile; fileRef = FF1782E11B80787A0096D32A /* NSString+HSCCalculateStringLength.h */; };
		FF17831C1B80787A0096D32A /* NSString+HSCCalculateStringLength.m in Sources */ = {isa = PBXBuildFile; fileRef = FF1782E21B80787A0096D32A /* NSString+HSCCalculateStringLength.m */; };
		FF17831D1B80787A0096D32A /* NSString+HSCEmptyString.h in Headers */ = {isa = PBXBuildFile; fileRef = FF1782E31B80787A0096D32A /* NSString+HSCEmptyString.h */; };
		FF17831E1B80787A0096D32A /* NSString+HSCEmptyString.m in Sources */ = {isa = PBXBuildFile; fileRef = FF1782E41B80787A0096D32A /* NSString+HSCEmptyString.m */; };
		FF17831F1B80787A0096D32A /* NSString+HSCEncryptString.h in Headers */ = {isa = PBXBuildFile; fileRef = FF1782E51B80787A0096D32A /* NSString+HSCEncryptString.h */; };
		FF1783201B80787A0096D32A /* NSString+HSCEncryptString.m in Sources */ = {isa = PBXBuildFile; fileRef = FF1782E61B80787A0096D32A /* NSString+HSCEncryptString.m */; };
		FF1783211B80787A0096D32A /* NSStringProcess.h in Headers */ = {isa = PBXBuildFile; fileRef = FF1782E71B80787A0096D32A /* NSStringProcess.h */; };
		FF1783221B80787A0096D32A /* UIDevice+HSCDeviceIdentifier.h in Headers */ = {isa = PBXBuildFile; fileRef = FF1782EA1B80787A0096D32A /* UIDevice+HSCDeviceIdentifier.h */; };
		FF1783231B80787A0096D32A /* UIDevice+HSCDeviceIdentifier.m in Sources */ = {isa = PBXBuildFile; fileRef = FF1782EB1B80787A0096D32A /* UIDevice+HSCDeviceIdentifier.m */; };
		FF1783241B80787A0096D32A /* UIDevice+HSCDeviceType.h in Headers */ = {isa = PBXBuildFile; fileRef = FF1782EC1B80787A0096D32A /* UIDevice+HSCDeviceType.h */; };
		FF1783251B80787A0096D32A /* UIDevice+HSCDeviceType.m in Sources */ = {isa = PBXBuildFile; fileRef = FF1782ED1B80787A0096D32A /* UIDevice+HSCDeviceType.m */; };
		FF1783261B80787A0096D32A /* UIDeviceProcess.h in Headers */ = {isa = PBXBuildFile; fileRef = FF1782EE1B80787A0096D32A /* UIDeviceProcess.h */; };
		FF1783271B80787A0096D32A /* UIImage+HSCColorImage.h in Headers */ = {isa = PBXBuildFile; fileRef = FF1782F11B80787A0096D32A /* UIImage+HSCColorImage.h */; };
		FF1783281B80787A0096D32A /* UIImage+HSCColorImage.m in Sources */ = {isa = PBXBuildFile; fileRef = FF1782F21B80787A0096D32A /* UIImage+HSCColorImage.m */; };
		FF1783291B80787A0096D32A /* ImageProcess.h in Headers */ = {isa = PBXBuildFile; fileRef = FF1782F31B80787A0096D32A /* ImageProcess.h */; };
		FF17832A1B80787A0096D32A /* UINavigationItem+HSCAssignItems.h in Headers */ = {isa = PBXBuildFile; fileRef = FF1782F61B80787A0096D32A /* UINavigationItem+HSCAssignItems.h */; };
		FF17832B1B80787A0096D32A /* UINavigationItem+HSCAssignItems.m in Sources */ = {isa = PBXBuildFile; fileRef = FF1782F71B80787A0096D32A /* UINavigationItem+HSCAssignItems.m */; };
		FF17832C1B80787A0096D32A /* UINavigationItemProcess.h in Headers */ = {isa = PBXBuildFile; fileRef = FF1782F81B80787A0096D32A /* UINavigationItemProcess.h */; };
		FF17832D1B80787A0096D32A /* UIScreen+HSCScreenDimensions.h in Headers */ = {isa = PBXBuildFile; fileRef = FF1782FB1B80787A0096D32A /* UIScreen+HSCScreenDimensions.h */; };
		FF17832E1B80787A0096D32A /* UIScreen+HSCScreenDimensions.m in Sources */ = {isa = PBXBuildFile; fileRef = FF1782FC1B80787A0096D32A /* UIScreen+HSCScreenDimensions.m */; };
		FF17832F1B80787A0096D32A /* UIScreenProcess.h in Headers */ = {isa = PBXBuildFile; fileRef = FF1782FD1B80787A0096D32A /* UIScreenProcess.h */; };
		FF1783301B80787A0096D32A /* UIView+HSCScreenShot.h in Headers */ = {isa = PBXBuildFile; fileRef = FF1783001B80787A0096D32A /* UIView+HSCScreenShot.h */; };
		FF1783311B80787A0096D32A /* UIView+HSCScreenShot.m in Sources */ = {isa = PBXBuildFile; fileRef = FF1783011B80787A0096D32A /* UIView+HSCScreenShot.m */; };
		FF1783321B80787A0096D32A /* UIView+HSCViewRound.h in Headers */ = {isa = PBXBuildFile; fileRef = FF1783021B80787A0096D32A /* UIView+HSCViewRound.h */; };
		FF1783331B80787A0096D32A /* UIView+HSCViewRound.m in Sources */ = {isa = PBXBuildFile; fileRef = FF1783031B80787A0096D32A /* UIView+HSCViewRound.m */; };
		FF1783341B80787A0096D32A /* UIViewProcess.h in Headers */ = {isa = PBXBuildFile; fileRef = FF1783041B80787A0096D32A /* UIViewProcess.h */; };
		FF1783351B80787A0096D32A /* VenderHeaders.h in Headers */ = {isa = PBXBuildFile; fileRef = FF1783051B80787A0096D32A /* VenderHeaders.h */; };
/* End PBXBuildFile section */

/* Begin PBXContainerItemProxy section */
		FF1780E61B804CBE0096D32A /* PBXContainerItemProxy */ = {
			isa = PBXContainerItemProxy;
			containerPortal = FF1780D01B804CBE0096D32A /* Project object */;
			proxyType = 1;
			remoteGlobalIDString = FF1780D81B804CBE0096D32A;
			remoteInfo = Category;
		};
/* End PBXContainerItemProxy section */

/* Begin PBXFileReference section */
		FF1780D91B804CBE0096D32A /* Category.framework */ = {isa = PBXFileReference; explicitFileType = wrapper.framework; includeInIndex = 0; path = Category.framework; sourceTree = BUILT_PRODUCTS_DIR; };
		FF1780DD1B804CBE0096D32A /* Info.plist */ = {isa = PBXFileReference; lastKnownFileType = text.plist.xml; path = Info.plist; sourceTree = "<group>"; };
		FF1780DE1B804CBE0096D32A /* Category.h */ = {isa = PBXFileReference; lastKnownFileType = sourcecode.c.h; path = Category.h; sourceTree = "<group>"; };
		FF1780E41B804CBE0096D32A /* CategoryTests.xctest */ = {isa = PBXFileReference; explicitFileType = wrapper.cfbundle; includeInIndex = 0; path = CategoryTests.xctest; sourceTree = BUILT_PRODUCTS_DIR; };
		FF1780EA1B804CBE0096D32A /* Info.plist */ = {isa = PBXFileReference; lastKnownFileType = text.plist.xml; path = Info.plist; sourceTree = "<group>"; };
		FF1780EB1B804CBE0096D32A /* CategoryTests.m */ = {isa = PBXFileReference; lastKnownFileType = sourcecode.c.objc; path = CategoryTests.m; sourceTree = "<group>"; };
		FF1782C01B80787A0096D32A /* AppMacro.h */ = {isa = PBXFileReference; fileEncoding = 4; lastKnownFileType = sourcecode.c.h; path = AppMacro.h; sourceTree = "<group>"; };
		FF1782CB1B80787A0096D32A /* NSArray+HSCNetworkingMethods.h */ = {isa = PBXFileReference; fileEncoding = 4; lastKnownFileType = sourcecode.c.h; path = "NSArray+HSCNetworkingMethods.h"; sourceTree = "<group>"; };
		FF1782CC1B80787A0096D32A /* NSArray+HSCNetworkingMethods.m */ = {isa = PBXFileReference; fileEncoding = 4; lastKnownFileType = sourcecode.c.objc; path = "NSArray+HSCNetworkingMethods.m"; sourceTree = "<group>"; };
		FF1782CD1B80787A0096D32A /* NSArrayProcess.h */ = {isa = PBXFileReference; fileEncoding = 4; lastKnownFileType = sourcecode.c.h; path = NSArrayProcess.h; sourceTree = "<group>"; };
		FF1782D01B80787A0096D32A /* NSBundle+HSCConvinientBundle.h */ = {isa = PBXFileReference; fileEncoding = 4; lastKnownFileType = sourcecode.c.h; path = "NSBundle+HSCConvinientBundle.h"; sourceTree = "<group>"; };
		FF1782D11B80787A0096D32A /* NSBundle+HSCConvinientBundle.m */ = {isa = PBXFileReference; fileEncoding = 4; lastKnownFileType = sourcecode.c.objc; path = "NSBundle+HSCConvinientBundle.m"; sourceTree = "<group>"; };
		FF1782D21B80787A0096D32A /* NSBundle+HSCConvinientBundle.h */ = {isa = PBXFileReference; fileEncoding = 4; lastKnownFileType = sourcecode.c.h; path = "NSBundle+HSCConvinientBundle.h"; sourceTree = "<group>"; };
		FF1782D31B80787A0096D32A /* NSBundle+HSCConvinientBundle.m */ = {isa = PBXFileReference; fileEncoding = 4; lastKnownFileType = sourcecode.c.objc; path = "NSBundle+HSCConvinientBundle.m"; sourceTree = "<group>"; };
		FF1782D41B80787A0096D32A /* NSBundleProcess.h */ = {isa = PBXFileReference; fileEncoding = 4; lastKnownFileType = sourcecode.c.h; path = NSBundleProcess.h; sourceTree = "<group>"; };
		FF1782D71B80787A0096D32A /* NSDictionary+HSCNetworkingMethods.h */ = {isa = PBXFileReference; fileEncoding = 4; lastKnownFileType = sourcecode.c.h; path = "NSDictionary+HSCNetworkingMethods.h"; sourceTree = "<group>"; };
		FF1782D81B80787A0096D32A /* NSDictionary+HSCNetworkingMethods.m */ = {isa = PBXFileReference; fileEncoding = 4; lastKnownFileType = sourcecode.c.objc; path = "NSDictionary+HSCNetworkingMethods.m"; sourceTree = "<group>"; };
		FF1782D91B80787A0096D32A /* NSDictionaryProcess.h */ = {isa = PBXFileReference; fileEncoding = 4; lastKnownFileType = sourcecode.c.h; path = NSDictionaryProcess.h; sourceTree = "<group>"; };
		FF1782DC1B80787A0096D32A /* NSObject+HSCCommonMethods.h */ = {isa = PBXFileReference; fileEncoding = 4; lastKnownFileType = sourcecode.c.h; path = "NSObject+HSCCommonMethods.h"; sourceTree = "<group>"; };
		FF1782DD1B80787A0096D32A /* NSObject+HSCCommonMethods.m */ = {isa = PBXFileReference; fileEncoding = 4; lastKnownFileType = sourcecode.c.objc; path = "NSObject+HSCCommonMethods.m"; sourceTree = "<group>"; };
		FF1782DE1B80787A0096D32A /* NSObjectProcess.h */ = {isa = PBXFileReference; fileEncoding = 4; lastKnownFileType = sourcecode.c.h; path = NSObjectProcess.h; sourceTree = "<group>"; };
		FF1782E11B80787A0096D32A /* NSString+HSCCalculateStringLength.h */ = {isa = PBXFileReference; fileEncoding = 4; lastKnownFileType = sourcecode.c.h; path = "NSString+HSCCalculateStringLength.h"; sourceTree = "<group>"; };
		FF1782E21B80787A0096D32A /* NSString+HSCCalculateStringLength.m */ = {isa = PBXFileReference; fileEncoding = 4; lastKnownFileType = sourcecode.c.objc; path = "NSString+HSCCalculateStringLength.m"; sourceTree = "<group>"; };
		FF1782E31B80787A0096D32A /* NSString+HSCEmptyString.h */ = {isa = PBXFileReference; fileEncoding = 4; lastKnownFileType = sourcecode.c.h; path = "NSString+HSCEmptyString.h"; sourceTree = "<group>"; };
		FF1782E41B80787A0096D32A /* NSString+HSCEmptyString.m */ = {isa = PBXFileReference; fileEncoding = 4; lastKnownFileType = sourcecode.c.objc; path = "NSString+HSCEmptyString.m"; sourceTree = "<group>"; };
		FF1782E51B80787A0096D32A /* NSString+HSCEncryptString.h */ = {isa = PBXFileReference; fileEncoding = 4; lastKnownFileType = sourcecode.c.h; path = "NSString+HSCEncryptString.h"; sourceTree = "<group>"; };
		FF1782E61B80787A0096D32A /* NSString+HSCEncryptString.m */ = {isa = PBXFileReference; fileEncoding = 4; lastKnownFileType = sourcecode.c.objc; path = "NSString+HSCEncryptString.m"; sourceTree = "<group>"; };
		FF1782E71B80787A0096D32A /* NSStringProcess.h */ = {isa = PBXFileReference; fileEncoding = 4; lastKnownFileType = sourcecode.c.h; path = NSStringProcess.h; sourceTree = "<group>"; };
		FF1782EA1B80787A0096D32A /* UIDevice+HSCDeviceIdentifier.h */ = {isa = PBXFileReference; fileEncoding = 4; lastKnownFileType = sourcecode.c.h; path = "UIDevice+HSCDeviceIdentifier.h"; sourceTree = "<group>"; };
		FF1782EB1B80787A0096D32A /* UIDevice+HSCDeviceIdentifier.m */ = {isa = PBXFileReference; fileEncoding = 4; lastKnownFileType = sourcecode.c.objc; path = "UIDevice+HSCDeviceIdentifier.m"; sourceTree = "<group>"; };
		FF1782EC1B80787A0096D32A /* UIDevice+HSCDeviceType.h */ = {isa = PBXFileReference; fileEncoding = 4; lastKnownFileType = sourcecode.c.h; path = "UIDevice+HSCDeviceType.h"; sourceTree = "<group>"; };
		FF1782ED1B80787A0096D32A /* UIDevice+HSCDeviceType.m */ = {isa = PBXFileReference; fileEncoding = 4; lastKnownFileType = sourcecode.c.objc; path = "UIDevice+HSCDeviceType.m"; sourceTree = "<group>"; };
		FF1782EE1B80787A0096D32A /* UIDeviceProcess.h */ = {isa = PBXFileReference; fileEncoding = 4; lastKnownFileType = sourcecode.c.h; path = UIDeviceProcess.h; sourceTree = "<group>"; };
		FF1782F11B80787A0096D32A /* UIImage+HSCColorImage.h */ = {isa = PBXFileReference; fileEncoding = 4; lastKnownFileType = sourcecode.c.h; path = "UIImage+HSCColorImage.h"; sourceTree = "<group>"; };
		FF1782F21B80787A0096D32A /* UIImage+HSCColorImage.m */ = {isa = PBXFileReference; fileEncoding = 4; lastKnownFileType = sourcecode.c.objc; path = "UIImage+HSCColorImage.m"; sourceTree = "<group>"; };
		FF1782F31B80787A0096D32A /* ImageProcess.h */ = {isa = PBXFileReference; fileEncoding = 4; lastKnownFileType = sourcecode.c.h; path = ImageProcess.h; sourceTree = "<group>"; };
		FF1782F61B80787A0096D32A /* UINavigationItem+HSCAssignItems.h */ = {isa = PBXFileReference; fileEncoding = 4; lastKnownFileType = sourcecode.c.h; path = "UINavigationItem+HSCAssignItems.h"; sourceTree = "<group>"; };
		FF1782F71B80787A0096D32A /* UINavigationItem+HSCAssignItems.m */ = {isa = PBXFileReference; fileEncoding = 4; lastKnownFileType = sourcecode.c.objc; path = "UINavigationItem+HSCAssignItems.m"; sourceTree = "<group>"; };
		FF1782F81B80787A0096D32A /* UINavigationItemProcess.h */ = {isa = PBXFileReference; fileEncoding = 4; lastKnownFileType = sourcecode.c.h; path = UINavigationItemProcess.h; sourceTree = "<group>"; };
		FF1782FB1B80787A0096D32A /* UIScreen+HSCScreenDimensions.h */ = {isa = PBXFileReference; fileEncoding = 4; lastKnownFileType = sourcecode.c.h; path = "UIScreen+HSCScreenDimensions.h"; sourceTree = "<group>"; };
		FF1782FC1B80787A0096D32A /* UIScreen+HSCScreenDimensions.m */ = {isa = PBXFileReference; fileEncoding = 4; lastKnownFileType = sourcecode.c.objc; path = "UIScreen+HSCScreenDimensions.m"; sourceTree = "<group>"; };
		FF1782FD1B80787A0096D32A /* UIScreenProcess.h */ = {isa = PBXFileReference; fileEncoding = 4; lastKnownFileType = sourcecode.c.h; path = UIScreenProcess.h; sourceTree = "<group>"; };
		FF1783001B80787A0096D32A /* UIView+HSCScreenShot.h */ = {isa = PBXFileReference; fileEncoding = 4; lastKnownFileType = sourcecode.c.h; path = "UIView+HSCScreenShot.h"; sourceTree = "<group>"; };
		FF1783011B80787A0096D32A /* UIView+HSCScreenShot.m */ = {isa = PBXFileReference; fileEncoding = 4; lastKnownFileType = sourcecode.c.objc; path = "UIView+HSCScreenShot.m"; sourceTree = "<group>"; };
		FF1783021B80787A0096D32A /* UIView+HSCViewRound.h */ = {isa = PBXFileReference; fileEncoding = 4; lastKnownFileType = sourcecode.c.h; path = "UIView+HSCViewRound.h"; sourceTree = "<group>"; };
		FF1783031B80787A0096D32A /* UIView+HSCViewRound.m */ = {isa = PBXFileReference; fileEncoding = 4; lastKnownFileType = sourcecode.c.objc; path = "UIView+HSCViewRound.m"; sourceTree = "<group>"; };
		FF1783041B80787A0096D32A /* UIViewProcess.h */ = {isa = PBXFileReference; fileEncoding = 4; lastKnownFileType = sourcecode.c.h; path = UIViewProcess.h; sourceTree = "<group>"; };
		FF1783051B80787A0096D32A /* VenderHeaders.h */ = {isa = PBXFileReference; fileEncoding = 4; lastKnownFileType = sourcecode.c.h; path = VenderHeaders.h; sourceTree = "<group>"; };
/* End PBXFileReference section */

/* Begin PBXFrameworksBuildPhase section */
		FF1780D51B804CBE0096D32A /* Frameworks */ = {
			isa = PBXFrameworksBuildPhase;
			buildActionMask = 2147483647;
			files = (
			);
			runOnlyForDeploymentPostprocessing = 0;
		};
		FF1780E11B804CBE0096D32A /* Frameworks */ = {
			isa = PBXFrameworksBuildPhase;
			buildActionMask = 2147483647;
			files = (
				FF1780E51B804CBE0096D32A /* Category.framework in Frameworks */,
			);
			runOnlyForDeploymentPostprocessing = 0;
		};
/* End PBXFrameworksBuildPhase section */

/* Begin PBXGroup section */
		FF1780CF1B804CBE0096D32A = {
			isa = PBXGroup;
			children = (
				FF1780DB1B804CBE0096D32A /* Category */,
				FF1780E81B804CBE0096D32A /* CategoryTests */,
				FF1780DA1B804CBE0096D32A /* Products */,
			);
			sourceTree = "<group>";
		};
		FF1780DA1B804CBE0096D32A /* Products */ = {
			isa = PBXGroup;
			children = (
				FF1780D91B804CBE0096D32A /* Category.framework */,
				FF1780E41B804CBE0096D32A /* CategoryTests.xctest */,
			);
			name = Products;
			sourceTree = "<group>";
		};
		FF1780DB1B804CBE0096D32A /* Category */ = {
			isa = PBXGroup;
			children = (
				FF1782BE1B8078710096D32A /* Process */,
				FF1780DE1B804CBE0096D32A /* Category.h */,
				FF1780DC1B804CBE0096D32A /* Supporting Files */,
			);
			path = Category;
			sourceTree = "<group>";
		};
		FF1780DC1B804CBE0096D32A /* Supporting Files */ = {
			isa = PBXGroup;
			children = (
				FF1780DD1B804CBE0096D32A /* Info.plist */,
			);
			name = "Supporting Files";
			sourceTree = "<group>";
		};
		FF1780E81B804CBE0096D32A /* CategoryTests */ = {
			isa = PBXGroup;
			children = (
				FF1780EB1B804CBE0096D32A /* CategoryTests.m */,
				FF1780E91B804CBE0096D32A /* Supporting Files */,
			);
			path = CategoryTests;
			sourceTree = "<group>";
		};
		FF1780E91B804CBE0096D32A /* Supporting Files */ = {
			isa = PBXGroup;
			children = (
				FF1780EA1B804CBE0096D32A /* Info.plist */,
			);
			name = "Supporting Files";
			sourceTree = "<group>";
		};
		FF1782BE1B8078710096D32A /* Process */ = {
			isa = PBXGroup;
			children = (
				FF1782BF1B80787A0096D32A /* AppMacro */,
				FF1782C91B80787A0096D32A /* NSArrayProcess */,
				FF1782CE1B80787A0096D32A /* NSBundleProcess */,
				FF1782D51B80787A0096D32A /* NSDictionaryProcess */,
				FF1782DA1B80787A0096D32A /* NSObjectProcess */,
				FF1782DF1B80787A0096D32A /* NSStringProcess */,
				FF1782E81B80787A0096D32A /* UIDeviceProcess */,
				FF1782EF1B80787A0096D32A /* UIImageProcess */,
				FF1782F41B80787A0096D32A /* UINavigationItemProcess */,
				FF1782F91B80787A0096D32A /* UIScreenProcess */,
				FF1782FE1B80787A0096D32A /* UIViewProcess */,
				FF1783051B80787A0096D32A /* VenderHeaders.h */,
			);
			path = Process;
			sourceTree = "<group>";
		};
		FF1782BF1B80787A0096D32A /* AppMacro */ = {
			isa = PBXGroup;
			children = (
				FF1782C01B80787A0096D32A /* AppMacro.h */,
			);
			path = AppMacro;
			sourceTree = "<group>";
		};
		FF1782C91B80787A0096D32A /* NSArrayProcess */ = {
			isa = PBXGroup;
			children = (
				FF1782CA1B80787A0096D32A /* Categories */,
				FF1782CD1B80787A0096D32A /* NSArrayProcess.h */,
			);
			path = NSArrayProcess;
			sourceTree = "<group>";
		};
		FF1782CA1B80787A0096D32A /* Categories */ = {
			isa = PBXGroup;
			children = (
				FF1782CB1B80787A0096D32A /* NSArray+HSCNetworkingMethods.h */,
				FF1782CC1B80787A0096D32A /* NSArray+HSCNetworkingMethods.m */,
			);
			path = Categories;
			sourceTree = "<group>";
		};
		FF1782CE1B80787A0096D32A /* NSBundleProcess */ = {
			isa = PBXGroup;
			children = (
				FF1782CF1B80787A0096D32A /* Categories */,
				FF1782D21B80787A0096D32A /* NSBundle+HSCConvinientBundle.h */,
				FF1782D31B80787A0096D32A /* NSBundle+HSCConvinientBundle.m */,
				FF1782D41B80787A0096D32A /* NSBundleProcess.h */,
			);
			path = NSBundleProcess;
			sourceTree = "<group>";
		};
		FF1782CF1B80787A0096D32A /* Categories */ = {
			isa = PBXGroup;
			children = (
				FF1782D01B80787A0096D32A /* NSBundle+HSCConvinientBundle.h */,
				FF1782D11B80787A0096D32A /* NSBundle+HSCConvinientBundle.m */,
			);
			path = Categories;
			sourceTree = "<group>";
		};
		FF1782D51B80787A0096D32A /* NSDictionaryProcess */ = {
			isa = PBXGroup;
			children = (
				FF1782D61B80787A0096D32A /* Categories */,
				FF1782D91B80787A0096D32A /* NSDictionaryProcess.h */,
			);
			path = NSDictionaryProcess;
			sourceTree = "<group>";
		};
		FF1782D61B80787A0096D32A /* Categories */ = {
			isa = PBXGroup;
			children = (
				FF1782D71B80787A0096D32A /* NSDictionary+HSCNetworkingMethods.h */,
				FF1782D81B80787A0096D32A /* NSDictionary+HSCNetworkingMethods.m */,
			);
			path = Categories;
			sourceTree = "<group>";
		};
		FF1782DA1B80787A0096D32A /* NSObjectProcess */ = {
			isa = PBXGroup;
			children = (
				FF1782DB1B80787A0096D32A /* Categories */,
				FF1782DE1B80787A0096D32A /* NSObjectProcess.h */,
			);
			path = NSObjectProcess;
			sourceTree = "<group>";
		};
		FF1782DB1B80787A0096D32A /* Categories */ = {
			isa = PBXGroup;
			children = (
				FF1782DC1B80787A0096D32A /* NSObject+HSCCommonMethods.h */,
				FF1782DD1B80787A0096D32A /* NSObject+HSCCommonMethods.m */,
			);
			path = Categories;
			sourceTree = "<group>";
		};
		FF1782DF1B80787A0096D32A /* NSStringProcess */ = {
			isa = PBXGroup;
			children = (
				FF1782E01B80787A0096D32A /* Categories */,
				FF1782E71B80787A0096D32A /* NSStringProcess.h */,
			);
			path = NSStringProcess;
			sourceTree = "<group>";
		};
		FF1782E01B80787A0096D32A /* Categories */ = {
			isa = PBXGroup;
			children = (
				FF1782E11B80787A0096D32A /* NSString+HSCCalculateStringLength.h */,
				FF1782E21B80787A0096D32A /* NSString+HSCCalculateStringLength.m */,
				FF1782E31B80787A0096D32A /* NSString+HSCEmptyString.h */,
				FF1782E41B80787A0096D32A /* NSString+HSCEmptyString.m */,
				FF1782E51B80787A0096D32A /* NSString+HSCEncryptString.h */,
				FF1782E61B80787A0096D32A /* NSString+HSCEncryptString.m */,
			);
			path = Categories;
			sourceTree = "<group>";
		};
		FF1782E81B80787A0096D32A /* UIDeviceProcess */ = {
			isa = PBXGroup;
			children = (
				FF1782E91B80787A0096D32A /* Categories */,
				FF1782EE1B80787A0096D32A /* UIDeviceProcess.h */,
			);
			path = UIDeviceProcess;
			sourceTree = "<group>";
		};
		FF1782E91B80787A0096D32A /* Categories */ = {
			isa = PBXGroup;
			children = (
				FF1782EA1B80787A0096D32A /* UIDevice+HSCDeviceIdentifier.h */,
				FF1782EB1B80787A0096D32A /* UIDevice+HSCDeviceIdentifier.m */,
				FF1782EC1B80787A0096D32A /* UIDevice+HSCDeviceType.h */,
				FF1782ED1B80787A0096D32A /* UIDevice+HSCDeviceType.m */,
			);
			path = Categories;
			sourceTree = "<group>";
		};
		FF1782EF1B80787A0096D32A /* UIImageProcess */ = {
			isa = PBXGroup;
			children = (
				FF1782F01B80787A0096D32A /* Categories */,
				FF1782F31B80787A0096D32A /* ImageProcess.h */,
			);
			path = UIImageProcess;
			sourceTree = "<group>";
		};
		FF1782F01B80787A0096D32A /* Categories */ = {
			isa = PBXGroup;
			children = (
				FF1782F11B80787A0096D32A /* UIImage+HSCColorImage.h */,
				FF1782F21B80787A0096D32A /* UIImage+HSCColorImage.m */,
			);
			path = Categories;
			sourceTree = "<group>";
		};
		FF1782F41B80787A0096D32A /* UINavigationItemProcess */ = {
			isa = PBXGroup;
			children = (
				FF1782F51B80787A0096D32A /* Categories */,
				FF1782F81B80787A0096D32A /* UINavigationItemProcess.h */,
			);
			path = UINavigationItemProcess;
			sourceTree = "<group>";
		};
		FF1782F51B80787A0096D32A /* Categories */ = {
			isa = PBXGroup;
			children = (
				FF1782F61B80787A0096D32A /* UINavigationItem+HSCAssignItems.h */,
				FF1782F71B80787A0096D32A /* UINavigationItem+HSCAssignItems.m */,
			);
			path = Categories;
			sourceTree = "<group>";
		};
		FF1782F91B80787A0096D32A /* UIScreenProcess */ = {
			isa = PBXGroup;
			children = (
				FF1782FA1B80787A0096D32A /* Categories */,
				FF1782FD1B80787A0096D32A /* UIScreenProcess.h */,
			);
			path = UIScreenProcess;
			sourceTree = "<group>";
		};
		FF1782FA1B80787A0096D32A /* Categories */ = {
			isa = PBXGroup;
			children = (
				FF1782FB1B80787A0096D32A /* UIScreen+HSCScreenDimensions.h */,
				FF1782FC1B80787A0096D32A /* UIScreen+HSCScreenDimensions.m */,
			);
			path = Categories;
			sourceTree = "<group>";
		};
		FF1782FE1B80787A0096D32A /* UIViewProcess */ = {
			isa = PBXGroup;
			children = (
				FF1782FF1B80787A0096D32A /* Categories */,
				FF1783041B80787A0096D32A /* UIViewProcess.h */,
			);
			path = UIViewProcess;
			sourceTree = "<group>";
		};
		FF1782FF1B80787A0096D32A /* Categories */ = {
			isa = PBXGroup;
			children = (
				FF1783001B80787A0096D32A /* UIView+HSCScreenShot.h */,
				FF1783011B80787A0096D32A /* UIView+HSCScreenShot.m */,
				FF1783021B80787A0096D32A /* UIView+HSCViewRound.h */,
				FF1783031B80787A0096D32A /* UIView+HSCViewRound.m */,
			);
			path = Categories;
			sourceTree = "<group>";
		};
/* End PBXGroup section */

/* Begin PBXHeadersBuildPhase section */
		FF1780D61B804CBE0096D32A /* Headers */ = {
			isa = PBXHeadersBuildPhase;
			buildActionMask = 2147483647;
			files = (
				FF17832C1B80787A0096D32A /* UINavigationItemProcess.h in Headers */,
				FF17831B1B80787A0096D32A /* NSString+HSCCalculateStringLength.h in Headers */,
				FF1783291B80787A0096D32A /* ImageProcess.h in Headers */,
				FF1780DF1B804CBE0096D32A /* Category.h in Headers */,
				FF1783171B80787A0096D32A /* NSDictionaryProcess.h in Headers */,
				FF17832A1B80787A0096D32A /* UINavigationItem+HSCAssignItems.h in Headers */,
				FF17831A1B80787A0096D32A /* NSObjectProcess.h in Headers */,
				FF1783121B80787A0096D32A /* NSBundle+HSCConvinientBundle.h in Headers */,
				FF17831D1B80787A0096D32A /* NSString+HSCEmptyString.h in Headers */,
				FF17832D1B80787A0096D32A /* UIScreen+HSCScreenDimensions.h in Headers */,
				FF1783341B80787A0096D32A /* UIViewProcess.h in Headers */,
				FF17831F1B80787A0096D32A /* NSString+HSCEncryptString.h in Headers */,
				FF1783181B80787A0096D32A /* NSObject+HSCCommonMethods.h in Headers */,
				FF1783271B80787A0096D32A /* UIImage+HSCColorImage.h in Headers */,
				FF1783261B80787A0096D32A /* UIDeviceProcess.h in Headers */,
				FF1783221B80787A0096D32A /* UIDevice+HSCDeviceIdentifier.h in Headers */,
				FF1783351B80787A0096D32A /* VenderHeaders.h in Headers */,
				FF1783151B80787A0096D32A /* NSDictionary+HSCNetworkingMethods.h in Headers */,
				FF1783321B80787A0096D32A /* UIView+HSCViewRound.h in Headers */,
				FF1783211B80787A0096D32A /* NSStringProcess.h in Headers */,
				FF1783301B80787A0096D32A /* UIView+HSCScreenShot.h in Headers */,
				FF17832F1B80787A0096D32A /* UIScreenProcess.h in Headers */,
				FF17830F1B80787A0096D32A /* NSArrayProcess.h in Headers */,
				FF1783061B80787A0096D32A /* AppMacro.h in Headers */,
				FF17830D1B80787A0096D32A /* NSArray+HSCNetworkingMethods.h in Headers */,
				FF1783101B80787A0096D32A /* NSBundle+HSCConvinientBundle.h in Headers */,
				FF1783141B80787A0096D32A /* NSBundleProcess.h in Headers */,
				FF1783241B80787A0096D32A /* UIDevice+HSCDeviceType.h in Headers */,
			);
			runOnlyForDeploymentPostprocessing = 0;
		};
/* End PBXHeadersBuildPhase section */

/* Begin PBXNativeTarget section */
		FF1780D81B804CBE0096D32A /* Category */ = {
			isa = PBXNativeTarget;
			buildConfigurationList = FF1780EF1B804CBE0096D32A /* Build configuration list for PBXNativeTarget "Category" */;
			buildPhases = (
				FF1780D41B804CBE0096D32A /* Sources */,
				FF1780D51B804CBE0096D32A /* Frameworks */,
				FF1780D61B804CBE0096D32A /* Headers */,
				FF1780D71B804CBE0096D32A /* Resources */,
			);
			buildRules = (
			);
			dependencies = (
			);
			name = Category;
			productName = Category;
			productReference = FF1780D91B804CBE0096D32A /* Category.framework */;
			productType = "com.apple.product-type.framework";
		};
		FF1780E31B804CBE0096D32A /* CategoryTests */ = {
			isa = PBXNativeTarget;
			buildConfigurationList = FF1780F21B804CBE0096D32A /* Build configuration list for PBXNativeTarget "CategoryTests" */;
			buildPhases = (
				FF1780E01B804CBE0096D32A /* Sources */,
				FF1780E11B804CBE0096D32A /* Frameworks */,
				FF1780E21B804CBE0096D32A /* Resources */,
			);
			buildRules = (
			);
			dependencies = (
				FF1780E71B804CBE0096D32A /* PBXTargetDependency */,
			);
			name = CategoryTests;
			productName = CategoryTests;
			productReference = FF1780E41B804CBE0096D32A /* CategoryTests.xctest */;
			productType = "com.apple.product-type.bundle.unit-test";
		};
/* End PBXNativeTarget section */

/* Begin PBXProject section */
		FF1780D01B804CBE0096D32A /* Project object */ = {
			isa = PBXProject;
			attributes = {
				LastUpgradeCheck = 0640;
				ORGANIZATIONNAME = HSC;
				TargetAttributes = {
					FF1780D81B804CBE0096D32A = {
						CreatedOnToolsVersion = 6.4;
					};
					FF1780E31B804CBE0096D32A = {
						CreatedOnToolsVersion = 6.4;
					};
				};
			};
			buildConfigurationList = FF1780D31B804CBE0096D32A /* Build configuration list for PBXProject "Category" */;
			compatibilityVersion = "Xcode 3.2";
			developmentRegion = English;
			hasScannedForEncodings = 0;
			knownRegions = (
				en,
			);
			mainGroup = FF1780CF1B804CBE0096D32A;
			productRefGroup = FF1780DA1B804CBE0096D32A /* Products */;
			projectDirPath = "";
			projectRoot = "";
			targets = (
				FF1780D81B804CBE0096D32A /* Category */,
				FF1780E31B804CBE0096D32A /* CategoryTests */,
			);
		};
/* End PBXProject section */

/* Begin PBXResourcesBuildPhase section */
		FF1780D71B804CBE0096D32A /* Resources */ = {
			isa = PBXResourcesBuildPhase;
			buildActionMask = 2147483647;
			files = (
			);
			runOnlyForDeploymentPostprocessing = 0;
		};
		FF1780E21B804CBE0096D32A /* Resources */ = {
			isa = PBXResourcesBuildPhase;
			buildActionMask = 2147483647;
			files = (
			);
			runOnlyForDeploymentPostprocessing = 0;
		};
/* End PBXResourcesBuildPhase section */

/* Begin PBXSourcesBuildPhase section */
		FF1780D41B804CBE0096D32A /* Sources */ = {
			isa = PBXSourcesBuildPhase;
			buildActionMask = 2147483647;
			files = (
				FF1783281B80787A0096D32A /* UIImage+HSCColorImage.m in Sources */,
				FF1783201B80787A0096D32A /* NSString+HSCEncryptString.m in Sources */,
				FF17832B1B80787A0096D32A /* UINavigationItem+HSCAssignItems.m in Sources */,
				FF1783131B80787A0096D32A /* NSBundle+HSCConvinientBundle.m in Sources */,
				FF17831C1B80787A0096D32A /* NSString+HSCCalculateStringLength.m in Sources */,
				FF17830E1B80787A0096D32A /* NSArray+HSCNetworkingMethods.m in Sources */,
				FF1783191B80787A0096D32A /* NSObject+HSCCommonMethods.m in Sources */,
				FF17832E1B80787A0096D32A /* UIScreen+HSCScreenDimensions.m in Sources */,
				FF1783231B80787A0096D32A /* UIDevice+HSCDeviceIdentifier.m in Sources */,
				FF1783331B80787A0096D32A /* UIView+HSCViewRound.m in Sources */,
				FF1783111B80787A0096D32A /* NSBundle+HSCConvinientBundle.m in Sources */,
				FF1783161B80787A0096D32A /* NSDictionary+HSCNetworkingMethods.m in Sources */,
				FF1783251B80787A0096D32A /* UIDevice+HSCDeviceType.m in Sources */,
				FF17831E1B80787A0096D32A /* NSString+HSCEmptyString.m in Sources */,
				FF1783311B80787A0096D32A /* UIView+HSCScreenShot.m in Sources */,
			);
			runOnlyForDeploymentPostprocessing = 0;
		};
		FF1780E01B804CBE0096D32A /* Sources */ = {
			isa = PBXSourcesBuildPhase;
			buildActionMask = 2147483647;
			files = (
				FF1780EC1B804CBE0096D32A /* CategoryTests.m in Sources */,
			);
			runOnlyForDeploymentPostprocessing = 0;
		};
/* End PBXSourcesBuildPhase section */

/* Begin PBXTargetDependency section */
		FF1780E71B804CBE0096D32A /* PBXTargetDependency */ = {
			isa = PBXTargetDependency;
			target = FF1780D81B804CBE0096D32A /* Category */;
			targetProxy = FF1780E61B804CBE0096D32A /* PBXContainerItemProxy */;
		};
/* End PBXTargetDependency section */

/* Begin XCBuildConfiguration section */
		FF1780ED1B804CBE0096D32A /* Debug */ = {
			isa = XCBuildConfiguration;
			buildSettings = {
				ALWAYS_SEARCH_USER_PATHS = NO;
				CLANG_CXX_LANGUAGE_STANDARD = "gnu++0x";
				CLANG_CXX_LIBRARY = "libc++";
				CLANG_ENABLE_MODULES = YES;
				CLANG_ENABLE_OBJC_ARC = YES;
				CLANG_WARN_BOOL_CONVERSION = YES;
				CLANG_WARN_CONSTANT_CONVERSION = YES;
				CLANG_WARN_DIRECT_OBJC_ISA_USAGE = YES_ERROR;
				CLANG_WARN_EMPTY_BODY = YES;
				CLANG_WARN_ENUM_CONVERSION = YES;
				CLANG_WARN_INT_CONVERSION = YES;
				CLANG_WARN_OBJC_ROOT_CLASS = YES_ERROR;
				CLANG_WARN_UNREACHABLE_CODE = YES;
				CLANG_WARN__DUPLICATE_METHOD_MATCH = YES;
				"CODE_SIGN_IDENTITY[sdk=iphoneos*]" = "iPhone Developer";
				COPY_PHASE_STRIP = NO;
				CURRENT_PROJECT_VERSION = 1;
				DEBUG_INFORMATION_FORMAT = "dwarf-with-dsym";
				ENABLE_STRICT_OBJC_MSGSEND = YES;
				GCC_C_LANGUAGE_STANDARD = gnu99;
				GCC_DYNAMIC_NO_PIC = NO;
				GCC_NO_COMMON_BLOCKS = YES;
				GCC_OPTIMIZATION_LEVEL = 0;
				GCC_PREPROCESSOR_DEFINITIONS = (
					"DEBUG=1",
					"$(inherited)",
				);
				GCC_SYMBOLS_PRIVATE_EXTERN = NO;
				GCC_WARN_64_TO_32_BIT_CONVERSION = YES;
				GCC_WARN_ABOUT_RETURN_TYPE = YES_ERROR;
				GCC_WARN_UNDECLARED_SELECTOR = YES;
				GCC_WARN_UNINITIALIZED_AUTOS = YES_AGGRESSIVE;
				GCC_WARN_UNUSED_FUNCTION = YES;
				GCC_WARN_UNUSED_VARIABLE = YES;
				IPHONEOS_DEPLOYMENT_TARGET = 8.4;
				MTL_ENABLE_DEBUG_INFO = YES;
				ONLY_ACTIVE_ARCH = YES;
				SDKROOT = iphoneos;
				TARGETED_DEVICE_FAMILY = "1,2";
				VERSIONING_SYSTEM = "apple-generic";
				VERSION_INFO_PREFIX = "";
			};
			name = Debug;
		};
		FF1780EE1B804CBE0096D32A /* Release */ = {
			isa = XCBuildConfiguration;
			buildSettings = {
				ALWAYS_SEARCH_USER_PATHS = NO;
				CLANG_CXX_LANGUAGE_STANDARD = "gnu++0x";
				CLANG_CXX_LIBRARY = "libc++";
				CLANG_ENABLE_MODULES = YES;
				CLANG_ENABLE_OBJC_ARC = YES;
				CLANG_WARN_BOOL_CONVERSION = YES;
				CLANG_WARN_CONSTANT_CONVERSION = YES;
				CLANG_WARN_DIRECT_OBJC_ISA_USAGE = YES_ERROR;
				CLANG_WARN_EMPTY_BODY = YES;
				CLANG_WARN_ENUM_CONVERSION = YES;
				CLANG_WARN_INT_CONVERSION = YES;
				CLANG_WARN_OBJC_ROOT_CLASS = YES_ERROR;
				CLANG_WARN_UNREACHABLE_CODE = YES;
				CLANG_WARN__DUPLICATE_METHOD_MATCH = YES;
				"CODE_SIGN_IDENTITY[sdk=iphoneos*]" = "iPhone Developer";
				COPY_PHASE_STRIP = NO;
				CURRENT_PROJECT_VERSION = 1;
				DEBUG_INFORMATION_FORMAT = "dwarf-with-dsym";
				ENABLE_NS_ASSERTIONS = NO;
				ENABLE_STRICT_OBJC_MSGSEND = YES;
				GCC_C_LANGUAGE_STANDARD = gnu99;
				GCC_NO_COMMON_BLOCKS = YES;
				GCC_WARN_64_TO_32_BIT_CONVERSION = YES;
				GCC_WARN_ABOUT_RETURN_TYPE = YES_ERROR;
				GCC_WARN_UNDECLARED_SELECTOR = YES;
				GCC_WARN_UNINITIALIZED_AUTOS = YES_AGGRESSIVE;
				GCC_WARN_UNUSED_FUNCTION = YES;
				GCC_WARN_UNUSED_VARIABLE = YES;
				IPHONEOS_DEPLOYMENT_TARGET = 8.4;
				MTL_ENABLE_DEBUG_INFO = NO;
				SDKROOT = iphoneos;
				TARGETED_DEVICE_FAMILY = "1,2";
				VALIDATE_PRODUCT = YES;
				VERSIONING_SYSTEM = "apple-generic";
				VERSION_INFO_PREFIX = "";
			};
			name = Release;
		};
		FF1780F01B804CBE0096D32A /* Debug */ = {
			isa = XCBuildConfiguration;
			buildSettings = {
				DEFINES_MODULE = YES;
				DYLIB_COMPATIBILITY_VERSION = 1;
				DYLIB_CURRENT_VERSION = 1;
				DYLIB_INSTALL_NAME_BASE = "@rpath";
				INFOPLIST_FILE = Category/Info.plist;
				INSTALL_PATH = "$(LOCAL_LIBRARY_DIR)/Frameworks";
				LD_RUNPATH_SEARCH_PATHS = "$(inherited) @executable_path/Frameworks @loader_path/Frameworks";
				PRODUCT_NAME = "$(TARGET_NAME)";
				SKIP_INSTALL = YES;
			};
			name = Debug;
		};
		FF1780F11B804CBE0096D32A /* Release */ = {
			isa = XCBuildConfiguration;
			buildSettings = {
				DEFINES_MODULE = YES;
				DYLIB_COMPATIBILITY_VERSION = 1;
				DYLIB_CURRENT_VERSION = 1;
				DYLIB_INSTALL_NAME_BASE = "@rpath";
				INFOPLIST_FILE = Category/Info.plist;
				INSTALL_PATH = "$(LOCAL_LIBRARY_DIR)/Frameworks";
				LD_RUNPATH_SEARCH_PATHS = "$(inherited) @executable_path/Frameworks @loader_path/Frameworks";
				PRODUCT_NAME = "$(TARGET_NAME)";
				SKIP_INSTALL = YES;
			};
			name = Release;
		};
		FF1780F31B804CBE0096D32A /* Debug */ = {
			isa = XCBuildConfiguration;
			buildSettings = {
				FRAMEWORK_SEARCH_PATHS = (
					"$(SDKROOT)/Developer/Library/Frameworks",
					"$(inherited)",
				);
				GCC_PREPROCESSOR_DEFINITIONS = (
					"DEBUG=1",
					"$(inherited)",
				);
				INFOPLIST_FILE = CategoryTests/Info.plist;
				LD_RUNPATH_SEARCH_PATHS = "$(inherited) @executable_path/Frameworks @loader_path/Frameworks";
				PRODUCT_NAME = "$(TARGET_NAME)";
			};
			name = Debug;
		};
		FF1780F41B804CBE0096D32A /* Release */ = {
			isa = XCBuildConfiguration;
			buildSettings = {
				FRAMEWORK_SEARCH_PATHS = (
					"$(SDKROOT)/Developer/Library/Frameworks",
					"$(inherited)",
				);
				INFOPLIST_FILE = CategoryTests/Info.plist;
				LD_RUNPATH_SEARCH_PATHS = "$(inherited) @executable_path/Frameworks @loader_path/Frameworks";
				PRODUCT_NAME = "$(TARGET_NAME)";
			};
			name = Release;
		};
/* End XCBuildConfiguration section */

/* Begin XCConfigurationList section */
		FF1780D31B804CBE0096D32A /* Build configuration list for PBXProject "Category" */ = {
			isa = XCConfigurationList;
			buildConfigurations = (
				FF1780ED1B804CBE0096D32A /* Debug */,
				FF1780EE1B804CBE0096D32A /* Release */,
			);
			defaultConfigurationIsVisible = 0;
			defaultConfigurationName = Release;
		};
		FF1780EF1B804CBE0096D32A /* Build configuration list for PBXNativeTarget "Category" */ = {
			isa = XCConfigurationList;
			buildConfigurations = (
				FF1780F01B804CBE0096D32A /* Debug */,
				FF1780F11B804CBE0096D32A /* Release */,
			);
			defaultConfigurationIsVisible = 0;
			defaultConfigurationName = Release;
		};
		FF1780F21B804CBE0096D32A /* Build configuration list for PBXNativeTarget "CategoryTests" */ = {
			isa = XCConfigurationList;
			buildConfigurations = (
				FF1780F31B804CBE0096D32A /* Debug */,
				FF1780F41B804CBE0096D32A /* Release */,
			);
			defaultConfigurationIsVisible = 0;
			defaultConfigurationName = Release;
		};
/* End XCConfigurationList section */
	};
	rootObject = FF1780D01B804CBE0096D32A /* Project object */;
}
